// !$*UTF8*$!
{
	archiveVersion = 1;
	classes = {
	};
	objectVersion = 77;
	objects = {

/* Begin PBXContainerItemProxy section */
		62830B1C2E76C78D006F0DFD /* PBXContainerItemProxy */ = {
			isa = PBXContainerItemProxy;
			containerPortal = 62830B062E76C78C006F0DFD /* Project object */;
			proxyType = 1;
			remoteGlobalIDString = 62830B0D2E76C78C006F0DFD;
			remoteInfo = fottow;
		};
		62830B262E76C78D006F0DFD /* PBXContainerItemProxy */ = {
			isa = PBXContainerItemProxy;
			containerPortal = 62830B062E76C78C006F0DFD /* Project object */;
			proxyType = 1;
			remoteGlobalIDString = 62830B0D2E76C78C006F0DFD;
			remoteInfo = fottow;
		};
/* End PBXContainerItemProxy section */

/* Begin PBXFileReference section */
		62830B0E2E76C78C006F0DFD /* fottow.app */ = {isa = PBXFileReference; explicitFileType = wrapper.application; includeInIndex = 0; path = fottow.app; sourceTree = BUILT_PRODUCTS_DIR; };
		62830B1B2E76C78D006F0DFD /* fottowTests.xctest */ = {isa = PBXFileReference; explicitFileType = wrapper.cfbundle; includeInIndex = 0; path = fottowTests.xctest; sourceTree = BUILT_PRODUCTS_DIR; };
		62830B252E76C78D006F0DFD /* fottowUITests.xctest */ = {isa = PBXFileReference; explicitFileType = wrapper.cfbundle; includeInIndex = 0; path = fottowUITests.xctest; sourceTree = BUILT_PRODUCTS_DIR; };
/* End PBXFileReference section */

/* Begin PBXFileSystemSynchronizedRootGroup section */
		62830B102E76C78C006F0DFD /* fottow */ = {
			isa = PBXFileSystemSynchronizedRootGroup;
			path = fottow;
			sourceTree = "<group>";
		};
		62830B1E2E76C78D006F0DFD /* fottowTests */ = {
			isa = PBXFileSystemSynchronizedRootGroup;
			path = fottowTests;
			sourceTree = "<group>";
		};
		62830B282E76C78D006F0DFD /* fottowUITests */ = {
			isa = PBXFileSystemSynchronizedRootGroup;
			path = fottowUITests;
			sourceTree = "<group>";
		};
/* End PBXFileSystemSynchronizedRootGroup section */

/* Begin PBXFrameworksBuildPhase section */
		62830B0B2E76C78C006F0DFD /* Frameworks */ = {
			isa = PBXFrameworksBuildPhase;
			buildActionMask = 2147483647;
			files = (
			);
			runOnlyForDeploymentPostprocessing = 0;
		};
		62830B182E76C78D006F0DFD /* Frameworks */ = {
			isa = PBXFrameworksBuildPhase;
			buildActionMask = 2147483647;
			files = (
			);
			runOnlyForDeploymentPostprocessing = 0;
		};
		62830B222E76C78D006F0DFD /* Frameworks */ = {
			isa = PBXFrameworksBuildPhase;
			buildActionMask = 2147483647;
			files = (
			);
			runOnlyForDeploymentPostprocessing = 0;
		};
/* End PBXFrameworksBuildPhase section */

/* Begin PBXGroup section */
		62830B052E76C78C006F0DFD = {
			isa = PBXGroup;
			children = (
				62830B102E76C78C006F0DFD /* fottow */,
				62830B1E2E76C78D006F0DFD /* fottowTests */,
				62830B282E76C78D006F0DFD /* fottowUITests */,
				62830B0F2E76C78C006F0DFD /* Products */,
			);
			sourceTree = "<group>";
		};
		62830B0F2E76C78C006F0DFD /* Products */ = {
			isa = PBXGroup;
			children = (
				62830B0E2E76C78C006F0DFD /* fottow.app */,
				62830B1B2E76C78D006F0DFD /* fottowTests.xctest */,
				62830B252E76C78D006F0DFD /* fottowUITests.xctest */,
			);
			name = Products;
			sourceTree = "<group>";
		};
/* End PBXGroup section */

/* Begin PBXNativeTarget section */
		62830B0D2E76C78C006F0DFD /* fottow */ = {
			isa = PBXNativeTarget;
			buildConfigurationList = 62830B2F2E76C78D006F0DFD /* Build configuration list for PBXNativeTarget "fottow" */;
			buildPhases = (
				62830B0A2E76C78C006F0DFD /* Sources */,
				62830B0B2E76C78C006F0DFD /* Frameworks */,
				62830B0C2E76C78C006F0DFD /* Resources */,
			);
			buildRules = (
			);
			dependencies = (
			);
			fileSystemSynchronizedGroups = (
				62830B102E76C78C006F0DFD /* fottow */,
			);
			name = fottow;
			packageProductDependencies = (
			);
			productName = fottow;
			productReference = 62830B0E2E76C78C006F0DFD /* fottow.app */;
			productType = "com.apple.product-type.application";
		};
		62830B1A2E76C78D006F0DFD /* fottowTests */ = {
			isa = PBXNativeTarget;
			buildConfigurationList = 62830B322E76C78D006F0DFD /* Build configuration list for PBXNativeTarget "fottowTests" */;
			buildPhases = (
				62830B172E76C78D006F0DFD /* Sources */,
				62830B182E76C78D006F0DFD /* Frameworks */,
				62830B192E76C78D006F0DFD /* Resources */,
			);
			buildRules = (
			);
			dependencies = (
				62830B1D2E76C78D006F0DFD /* PBXTargetDependency */,
			);
			fileSystemSynchronizedGroups = (
				62830B1E2E76C78D006F0DFD /* fottowTests */,
			);
			name = fottowTests;
			packageProductDependencies = (
			);
			productName = fottowTests;
			productReference = 62830B1B2E76C78D006F0DFD /* fottowTests.xctest */;
			productType = "com.apple.product-type.bundle.unit-test";
		};
		62830B242E76C78D006F0DFD /* fottowUITests */ = {
			isa = PBXNativeTarget;
			buildConfigurationList = 62830B352E76C78D006F0DFD /* Build configuration list for PBXNativeTarget "fottowUITests" */;
			buildPhases = (
				62830B212E76C78D006F0DFD /* Sources */,
				62830B222E76C78D006F0DFD /* Frameworks */,
				62830B232E76C78D006F0DFD /* Resources */,
			);
			buildRules = (
			);
			dependencies = (
				62830B272E76C78D006F0DFD /* PBXTargetDependency */,
			);
			fileSystemSynchronizedGroups = (
				62830B282E76C78D006F0DFD /* fottowUITests */,
			);
			name = fottowUITests;
			packageProductDependencies = (
			);
			productName = fottowUITests;
			productReference = 62830B252E76C78D006F0DFD /* fottowUITests.xctest */;
			productType = "com.apple.product-type.bundle.ui-testing";
		};
/* End PBXNativeTarget section */

/* Begin PBXProject section */
		62830B062E76C78C006F0DFD /* Project object */ = {
			isa = PBXProject;
			attributes = {
				BuildIndependentTargetsInParallel = 1;
				LastSwiftUpdateCheck = 1640;
				LastUpgradeCheck = 1640;
				TargetAttributes = {
					62830B0D2E76C78C006F0DFD = {
						CreatedOnToolsVersion = 16.4;
					};
					62830B1A2E76C78D006F0DFD = {
						CreatedOnToolsVersion = 16.4;
						TestTargetID = 62830B0D2E76C78C006F0DFD;
					};
					62830B242E76C78D006F0DFD = {
						CreatedOnToolsVersion = 16.4;
						TestTargetID = 62830B0D2E76C78C006F0DFD;
					};
				};
			};
			buildConfigurationList = 62830B092E76C78C006F0DFD /* Build configuration list for PBXProject "fottow" */;
			developmentRegion = en;
			hasScannedForEncodings = 0;
			knownRegions = (
				en,
				Base,
			);
			mainGroup = 62830B052E76C78C006F0DFD;
			minimizedProjectReferenceProxies = 1;
			preferredProjectObjectVersion = 77;
			productRefGroup = 62830B0F2E76C78C006F0DFD /* Products */;
			projectDirPath = "";
			projectRoot = "";
			targets = (
				62830B0D2E76C78C006F0DFD /* fottow */,
				62830B1A2E76C78D006F0DFD /* fottowTests */,
				62830B242E76C78D006F0DFD /* fottowUITests */,
			);
		};
/* End PBXProject section */

/* Begin PBXResourcesBuildPhase section */
		62830B0C2E76C78C006F0DFD /* Resources */ = {
			isa = PBXResourcesBuildPhase;
			buildActionMask = 2147483647;
			files = (
			);
			runOnlyForDeploymentPostprocessing = 0;
		};
		62830B192E76C78D006F0DFD /* Resources */ = {
			isa = PBXResourcesBuildPhase;
			buildActionMask = 2147483647;
			files = (
			);
			runOnlyForDeploymentPostprocessing = 0;
		};
		62830B232E76C78D006F0DFD /* Resources */ = {
			isa = PBXResourcesBuildPhase;
			buildActionMask = 2147483647;
			files = (
			);
			runOnlyForDeploymentPostprocessing = 0;
		};
/* End PBXResourcesBuildPhase section */

/* Begin PBXSourcesBuildPhase section */
		62830B0A2E76C78C006F0DFD /* Sources */ = {
			isa = PBXSourcesBuildPhase;
			buildActionMask = 2147483647;
			files = (
			);
			runOnlyForDeploymentPostprocessing = 0;
		};
		62830B172E76C78D006F0DFD /* Sources */ = {
			isa = PBXSourcesBuildPhase;
			buildActionMask = 2147483647;
			files = (
			);
			runOnlyForDeploymentPostprocessing = 0;
		};
		62830B212E76C78D006F0DFD /* Sources */ = {
			isa = PBXSourcesBuildPhase;
			buildActionMask = 2147483647;
			files = (
			);
			runOnlyForDeploymentPostprocessing = 0;
		};
/* End PBXSourcesBuildPhase section */

/* Begin PBXTargetDependency section */
		62830B1D2E76C78D006F0DFD /* PBXTargetDependency */ = {
			isa = PBXTargetDependency;
			target = 62830B0D2E76C78C006F0DFD /* fottow */;
			targetProxy = 62830B1C2E76C78D006F0DFD /* PBXContainerItemProxy */;
		};
		62830B272E76C78D006F0DFD /* PBXTargetDependency */ = {
			isa = PBXTargetDependency;
			target = 62830B0D2E76C78C006F0DFD /* fottow */;
			targetProxy = 62830B262E76C78D006F0DFD /* PBXContainerItemProxy */;
		};
/* End PBXTargetDependency section */

/* Begin XCBuildConfiguration section */
		62830B2D2E76C78D006F0DFD /* Debug */ = {
			isa = XCBuildConfiguration;
			buildSettings = {
				ALWAYS_SEARCH_USER_PATHS = NO;
				ASSETCATALOG_COMPILER_GENERATE_SWIFT_ASSET_SYMBOL_EXTENSIONS = YES;
				CLANG_ANALYZER_NONNULL = YES;
				CLANG_ANALYZER_NUMBER_OBJECT_CONVERSION = YES_AGGRESSIVE;
				CLANG_CXX_LANGUAGE_STANDARD = "gnu++20";
				CLANG_ENABLE_MODULES = YES;
				CLANG_ENABLE_OBJC_ARC = YES;
				CLANG_ENABLE_OBJC_WEAK = YES;
				CLANG_WARN_BLOCK_CAPTURE_AUTORELEASING = YES;
				CLANG_WARN_BOOL_CONVERSION = YES;
				CLANG_WARN_COMMA = YES;
				CLANG_WARN_CONSTANT_CONVERSION = YES;
				CLANG_WARN_DEPRECATED_OBJC_IMPLEMENTATIONS = YES;
				CLANG_WARN_DIRECT_OBJC_ISA_USAGE = YES_ERROR;
				CLANG_WARN_DOCUMENTATION_COMMENTS = YES;
				CLANG_WARN_EMPTY_BODY = YES;
				CLANG_WARN_ENUM_CONVERSION = YES;
				CLANG_WARN_INFINITE_RECURSION = YES;
				CLANG_WARN_INT_CONVERSION = YES;
				CLANG_WARN_NON_LITERAL_NULL_CONVERSION = YES;
				CLANG_WARN_OBJC_IMPLICIT_RETAIN_SELF = YES;
				CLANG_WARN_OBJC_LITERAL_CONVERSION = YES;
				CLANG_WARN_OBJC_ROOT_CLASS = YES_ERROR;
				CLANG_WARN_QUOTED_INCLUDE_IN_FRAMEWORK_HEADER = YES;
				CLANG_WARN_RANGE_LOOP_ANALYSIS = YES;
				CLANG_WARN_STRICT_PROTOTYPES = YES;
				CLANG_WARN_SUSPICIOUS_MOVE = YES;
				CLANG_WARN_UNGUARDED_AVAILABILITY = YES_AGGRESSIVE;
				CLANG_WARN_UNREACHABLE_CODE = YES;
				CLANG_WARN__DUPLICATE_METHOD_MATCH = YES;
				COPY_PHASE_STRIP = NO;
				DEBUG_INFORMATION_FORMAT = dwarf;
				ENABLE_STRICT_OBJC_MSGSEND = YES;
				ENABLE_TESTABILITY = YES;
				ENABLE_USER_SCRIPT_SANDBOXING = YES;
				GCC_C_LANGUAGE_STANDARD = gnu17;
				GCC_DYNAMIC_NO_PIC = NO;
				GCC_NO_COMMON_BLOCKS = YES;
				GCC_OPTIMIZATION_LEVEL = 0;
				GCC_PREPROCESSOR_DEFINITIONS = (
					"DEBUG=1",
					"$(inherited)",
				);
				GCC_WARN_64_TO_32_BIT_CONVERSION = YES;
				GCC_WARN_ABOUT_RETURN_TYPE = YES_ERROR;
				GCC_WARN_UNDECLARED_SELECTOR = YES;
				GCC_WARN_UNINITIALIZED_AUTOS = YES_AGGRESSIVE;
				GCC_WARN_UNUSED_FUNCTION = YES;
				GCC_WARN_UNUSED_VARIABLE = YES;
				IPHONEOS_DEPLOYMENT_TARGET = 18.5;
				LOCALIZATION_PREFERS_STRING_CATALOGS = YES;
				MTL_ENABLE_DEBUG_INFO = INCLUDE_SOURCE;
				MTL_FAST_MATH = YES;
				ONLY_ACTIVE_ARCH = YES;
				SDKROOT = iphoneos;
				SWIFT_ACTIVE_COMPILATION_CONDITIONS = "DEBUG $(inherited)";
				SWIFT_OPTIMIZATION_LEVEL = "-Onone";
			};
			name = Debug;
		};
		62830B2E2E76C78D006F0DFD /* Release */ = {
			isa = XCBuildConfiguration;
			buildSettings = {
				ALWAYS_SEARCH_USER_PATHS = NO;
				ASSETCATALOG_COMPILER_GENERATE_SWIFT_ASSET_SYMBOL_EXTENSIONS = YES;
				CLANG_ANALYZER_NONNULL = YES;
				CLANG_ANALYZER_NUMBER_OBJECT_CONVERSION = YES_AGGRESSIVE;
				CLANG_CXX_LANGUAGE_STANDARD = "gnu++20";
				CLANG_ENABLE_MODULES = YES;
				CLANG_ENABLE_OBJC_ARC = YES;
				CLANG_ENABLE_OBJC_WEAK = YES;
				CLANG_WARN_BLOCK_CAPTURE_AUTORELEASING = YES;
				CLANG_WARN_BOOL_CONVERSION = YES;
				CLANG_WARN_COMMA = YES;
				CLANG_WARN_CONSTANT_CONVERSION = YES;
				CLANG_WARN_DEPRECATED_OBJC_IMPLEMENTATIONS = YES;
				CLANG_WARN_DIRECT_OBJC_ISA_USAGE = YES_ERROR;
				CLANG_WARN_DOCUMENTATION_COMMENTS = YES;
				CLANG_WARN_EMPTY_BODY = YES;
				CLANG_WARN_ENUM_CONVERSION = YES;
				CLANG_WARN_INFINITE_RECURSION = YES;
				CLANG_WARN_INT_CONVERSION = YES;
				CLANG_WARN_NON_LITERAL_NULL_CONVERSION = YES;
				CLANG_WARN_OBJC_IMPLICIT_RETAIN_SELF = YES;
				CLANG_WARN_OBJC_LITERAL_CONVERSION = YES;
				CLANG_WARN_OBJC_ROOT_CLASS = YES_ERROR;
				CLANG_WARN_QUOTED_INCLUDE_IN_FRAMEWORK_HEADER = YES;
				CLANG_WARN_RANGE_LOOP_ANALYSIS = YES;
				CLANG_WARN_STRICT_PROTOTYPES = YES;
				CLANG_WARN_SUSPICIOUS_MOVE = YES;
				CLANG_WARN_UNGUARDED_AVAILABILITY = YES_AGGRESSIVE;
				CLANG_WARN_UNREACHABLE_CODE = YES;
				CLANG_WARN__DUPLICATE_METHOD_MATCH = YES;
				COPY_PHASE_STRIP = NO;
				DEBUG_INFORMATION_FORMAT = "dwarf-with-dsym";
				ENABLE_NS_ASSERTIONS = NO;
				ENABLE_STRICT_OBJC_MSGSEND = YES;
				ENABLE_USER_SCRIPT_SANDBOXING = YES;
				GCC_C_LANGUAGE_STANDARD = gnu17;
				GCC_NO_COMMON_BLOCKS = YES;
				GCC_WARN_64_TO_32_BIT_CONVERSION = YES;
				GCC_WARN_ABOUT_RETURN_TYPE = YES_ERROR;
				GCC_WARN_UNDECLARED_SELECTOR = YES;
				GCC_WARN_UNINITIALIZED_AUTOS = YES_AGGRESSIVE;
				GCC_WARN_UNUSED_FUNCTION = YES;
				GCC_WARN_UNUSED_VARIABLE = YES;
				IPHONEOS_DEPLOYMENT_TARGET = 18.5;
				LOCALIZATION_PREFERS_STRING_CATALOGS = YES;
				MTL_ENABLE_DEBUG_INFO = NO;
				MTL_FAST_MATH = YES;
				SDKROOT = iphoneos;
				SWIFT_COMPILATION_MODE = wholemodule;
				VALIDATE_PRODUCT = YES;
			};
			name = Release;
		};
		62830B302E76C78D006F0DFD /* Debug */ = {
			isa = XCBuildConfiguration;
			buildSettings = {
				ASSETCATALOG_COMPILER_APPICON_NAME = AppIcon;
				ASSETCATALOG_COMPILER_GLOBAL_ACCENT_COLOR_NAME = AccentColor;
				CODE_SIGN_STYLE = Automatic;
				CURRENT_PROJECT_VERSION = 1;
				DEVELOPMENT_TEAM = ZRBU9AVPSS;
				ENABLE_PREVIEWS = YES;
				GENERATE_INFOPLIST_FILE = YES;
				INFOPLIST_KEY_NSCameraUsageDescription = "Necesitamos acceso a la cámara para que puedas tomar una foto de perfil.";
				INFOPLIST_KEY_NSPhotoLibraryUsageDescription = "Necesitamos acceso a tus fotos para que puedas seleccionar una imagen para subir.";
				INFOPLIST_KEY_UIApplicationSceneManifest_Generation = YES;
				INFOPLIST_KEY_UIApplicationSupportsIndirectInputEvents = YES;
				INFOPLIST_KEY_UILaunchScreen_Generation = YES;
				INFOPLIST_KEY_UISupportedInterfaceOrientations_iPad = "UIInterfaceOrientationPortrait UIInterfaceOrientationPortraitUpsideDown UIInterfaceOrientationLandscapeLeft UIInterfaceOrientationLandscapeRight";
				INFOPLIST_KEY_UISupportedInterfaceOrientations_iPhone = "UIInterfaceOrientationPortrait UIInterfaceOrientationLandscapeLeft UIInterfaceOrientationLandscapeRight";
				IPHONEOS_DEPLOYMENT_TARGET = 18.0;
				LD_RUNPATH_SEARCH_PATHS = (
					"$(inherited)",
					"@executable_path/Frameworks",
				);
				MARKETING_VERSION = 1.0;
				PRODUCT_BUNDLE_IDENTIFIER = com.fottow.fottow;
				PRODUCT_NAME = "$(TARGET_NAME)";
				SWIFT_EMIT_LOC_STRINGS = YES;
				SWIFT_VERSION = 5.0;
				TARGETED_DEVICE_FAMILY = "1,2";
			};
			name = Debug;
		};
		62830B312E76C78D006F0DFD /* Release */ = {
			isa = XCBuildConfiguration;
			buildSettings = {
				ASSETCATALOG_COMPILER_APPICON_NAME = AppIcon;
				ASSETCATALOG_COMPILER_GLOBAL_ACCENT_COLOR_NAME = AccentColor;
				CODE_SIGN_STYLE = Automatic;
				CURRENT_PROJECT_VERSION = 1;
				DEVELOPMENT_TEAM = ZRBU9AVPSS;
				ENABLE_PREVIEWS = YES;
				GENERATE_INFOPLIST_FILE = YES;
				INFOPLIST_KEY_NSCameraUsageDescription = "Necesitamos acceso a la cámara para que puedas tomar una foto de perfil.";
				INFOPLIST_KEY_NSPhotoLibraryUsageDescription = "Necesitamos acceso a tus fotos para que puedas seleccionar una imagen para subir.";
				INFOPLIST_KEY_UIApplicationSceneManifest_Generation = YES;
				INFOPLIST_KEY_UIApplicationSupportsIndirectInputEvents = YES;
				INFOPLIST_KEY_UILaunchScreen_Generation = YES;
				INFOPLIST_KEY_UISupportedInterfaceOrientations_iPad = "UIInterfaceOrientationPortrait UIInterfaceOrientationPortraitUpsideDown UIInterfaceOrientationLandscapeLeft UIInterfaceOrientationLandscapeRight";
				INFOPLIST_KEY_UISupportedInterfaceOrientations_iPhone = "UIInterfaceOrientationPortrait UIInterfaceOrientationLandscapeLeft UIInterfaceOrientationLandscapeRight";
				IPHONEOS_DEPLOYMENT_TARGET = 18.0;
				LD_RUNPATH_SEARCH_PATHS = (
					"$(inherited)",
					"@executable_path/Frameworks",
				);
				MARKETING_VERSION = 1.0;
				PRODUCT_BUNDLE_IDENTIFIER = com.fottow.fottow;
				PRODUCT_NAME = "$(TARGET_NAME)";
				SWIFT_EMIT_LOC_STRINGS = YES;
				SWIFT_VERSION = 5.0;
				TARGETED_DEVICE_FAMILY = "1,2";
			};
			name = Release;
		};
		62830B332E76C78D006F0DFD /* Debug */ = {
			isa = XCBuildConfiguration;
			buildSettings = {
				BUNDLE_LOADER = "$(TEST_HOST)";
				CODE_SIGN_STYLE = Automatic;
				CURRENT_PROJECT_VERSION = 1;
				GENERATE_INFOPLIST_FILE = YES;
				IPHONEOS_DEPLOYMENT_TARGET = 18.5;
				MARKETING_VERSION = 1.0;
				PRODUCT_BUNDLE_IDENTIFIER = com.fottow.fottowTests;
				PRODUCT_NAME = "$(TARGET_NAME)";
				SWIFT_EMIT_LOC_STRINGS = NO;
				SWIFT_VERSION = 5.0;
				TARGETED_DEVICE_FAMILY = "1,2";
				TEST_HOST = "$(BUILT_PRODUCTS_DIR)/fottow.app/$(BUNDLE_EXECUTABLE_FOLDER_PATH)/fottow";
			};
			name = Debug;
		};
		62830B342E76C78D006F0DFD /* Release */ = {
			isa = XCBuildConfiguration;
			buildSettings = {
				BUNDLE_LOADER = "$(TEST_HOST)";
				CODE_SIGN_STYLE = Automatic;
				CURRENT_PROJECT_VERSION = 1;
				GENERATE_INFOPLIST_FILE = YES;
				IPHONEOS_DEPLOYMENT_TARGET = 18.5;
				MARKETING_VERSION = 1.0;
				PRODUCT_BUNDLE_IDENTIFIER = com.fottow.fottowTests;
				PRODUCT_NAME = "$(TARGET_NAME)";
				SWIFT_EMIT_LOC_STRINGS = NO;
				SWIFT_VERSION = 5.0;
				TARGETED_DEVICE_FAMILY = "1,2";
				TEST_HOST = "$(BUILT_PRODUCTS_DIR)/fottow.app/$(BUNDLE_EXECUTABLE_FOLDER_PATH)/fottow";
			};
			name = Release;
		};
		62830B362E76C78D006F0DFD /* Debug */ = {
			isa = XCBuildConfiguration;
			buildSettings = {
				CODE_SIGN_STYLE = Automatic;
				CURRENT_PROJECT_VERSION = 1;
				GENERATE_INFOPLIST_FILE = YES;
				MARKETING_VERSION = 1.0;
				PRODUCT_BUNDLE_IDENTIFIER = com.fottow.fottowUITests;
				PRODUCT_NAME = "$(TARGET_NAME)";
				SWIFT_EMIT_LOC_STRINGS = NO;
				SWIFT_VERSION = 5.0;
				TARGETED_DEVICE_FAMILY = "1,2";
				TEST_TARGET_NAME = fottow;
			};
			name = Debug;
		};
		62830B372E76C78D006F0DFD /* Release */ = {
			isa = XCBuildConfiguration;
			buildSettings = {
				CODE_SIGN_STYLE = Automatic;
				CURRENT_PROJECT_VERSION = 1;
				GENERATE_INFOPLIST_FILE = YES;
				MARKETING_VERSION = 1.0;
				PRODUCT_BUNDLE_IDENTIFIER = com.fottow.fottowUITests;
				PRODUCT_NAME = "$(TARGET_NAME)";
				SWIFT_EMIT_LOC_STRINGS = NO;
				SWIFT_VERSION = 5.0;
				TARGETED_DEVICE_FAMILY = "1,2";
				TEST_TARGET_NAME = fottow;
			};
			name = Release;
		};
/* End XCBuildConfiguration section */

/* Begin XCConfigurationList section */
		62830B092E76C78C006F0DFD /* Build configuration list for PBXProject "fottow" */ = {
			isa = XCConfigurationList;
			buildConfigurations = (
				62830B2D2E76C78D006F0DFD /* Debug */,
				62830B2E2E76C78D006F0DFD /* Release */,
			);
			defaultConfigurationIsVisible = 0;
			defaultConfigurationName = Release;
		};
		62830B2F2E76C78D006F0DFD /* Build configuration list for PBXNativeTarget "fottow" */ = {
			isa = XCConfigurationList;
			buildConfigurations = (
				62830B302E76C78D006F0DFD /* Debug */,
				62830B312E76C78D006F0DFD /* Release */,
			);
			defaultConfigurationIsVisible = 0;
			defaultConfigurationName = Release;
		};
		62830B322E76C78D006F0DFD /* Build configuration list for PBXNativeTarget "fottowTests" */ = {
			isa = XCConfigurationList;
			buildConfigurations = (
				62830B332E76C78D006F0DFD /* Debug */,
				62830B342E76C78D006F0DFD /* Release */,
			);
			defaultConfigurationIsVisible = 0;
			defaultConfigurationName = Release;
		};
		62830B352E76C78D006F0DFD /* Build configuration list for PBXNativeTarget "fottowUITests" */ = {
			isa = XCConfigurationList;
			buildConfigurations = (
				62830B362E76C78D006F0DFD /* Debug */,
				62830B372E76C78D006F0DFD /* Release */,
			);
			defaultConfigurationIsVisible = 0;
			defaultConfigurationName = Release;
		};
/* End XCConfigurationList section */
	};
	rootObject = 62830B062E76C78C006F0DFD /* Project object */;
}
